
Microsoft Visual Studio Solution File, Format Version 12.00
# Visual Studio Version 16
VisualStudioVersion = 16.0.29503.13
MinimumVisualStudioVersion = 10.0.40219.1
Project("{F184B08F-C81C-45F6-A57F-5ABD9991F28F}") = "ListMgt", "ListMgt.vbproj", "{8BE56A91-D4DD-4F70-A5CE-5D5A9263804F}"
EndProject
Project("{2150E333-8FDC-42A3-9474-1A3956D46DE8}") = "Solution Items", "Solution Items", "{9E1D7E32-1ED7-4C6B-AD5F-A361FC1A21A0}"
	ProjectSection(SolutionItems) = preProject
		.editorconfig = .editorconfig
	EndProjectSection
EndProject
Global
	GlobalSection(SolutionConfigurationPlatforms) = preSolution
		Debug|Any CPU = Debug|Any CPU
		Release|Any CPU = Release|Any CPU
	EndGlobalSection
	GlobalSection(ProjectConfigurationPlatforms) = postSolution
		{8BE56A91-D4DD-4F70-A5CE-5D5A9263804F}.Debug|Any CPU.ActiveCfg = Debug|Any CPU
		{8BE56A91-D4DD-4F70-A5CE-5D5A9263804F}.Debug|Any CPU.Build.0 = Debug|Any CPU
		{8BE56A91-D4DD-4F70-A5CE-5D5A9263804F}.Release|Any CPU.ActiveCfg = Release|Any CPU
		{8BE56A91-D4DD-4F70-A5CE-5D5A9263804F}.Release|Any CPU.Build.0 = Release|Any CPU
	EndGlobalSection
	GlobalSection(SolutionProperties) = preSolution
		HideSolutionNode = FALSE
	EndGlobalSection
	GlobalSection(ExtensibilityGlobals) = postSolution
		SolutionGuid = {878511DF-9B78-4606-A4EC-3E6C3F924D76}
	EndGlobalSection
EndGlobal
